
Microsoft Visual Studio Solution File, Format Version 12.00
# Visual Studio Version 17
VisualStudioVersion = 17.3.32922.545
MinimumVisualStudioVersion = 10.0.40219.1
Project("{9A19103F-16F7-4668-BE54-9A1E7A4F7556}") = "WorldCup.Api", "WorldCup\WorldCup.Api.csproj", "{C933B70C-09C1-4A73-AAF9-052B0112E0CC}"
EndProject
Project("{9A19103F-16F7-4668-BE54-9A1E7A4F7556}") = "WorldCup.Infra", "WorldCup.Infra\WorldCup.Infra.csproj", "{FCB30D55-5226-4896-83FA-BD92E8FDE2DF}"
EndProject
Project("{9A19103F-16F7-4668-BE54-9A1E7A4F7556}") = "WorldCup.Domain", "World.Domain\WorldCup.Domain.csproj", "{CC49ECB7-7B81-4C22-9DBF-9C608EBBAF28}"
EndProject
Project("{9A19103F-16F7-4668-BE54-9A1E7A4F7556}") = "WorldCup.SharedKernel", "World.SharedKernel\WorldCup.SharedKernel.csproj", "{EF5D8463-603C-47BD-81DD-0E47134F7FB1}"
EndProject
Global
	GlobalSection(SolutionConfigurationPlatforms) = preSolution
		Debug|Any CPU = Debug|Any CPU
		Release|Any CPU = Release|Any CPU
	EndGlobalSection
	GlobalSection(ProjectConfigurationPlatforms) = postSolution
		{C933B70C-09C1-4A73-AAF9-052B0112E0CC}.Debug|Any CPU.ActiveCfg = Debug|Any CPU
		{C933B70C-09C1-4A73-AAF9-052B0112E0CC}.Debug|Any CPU.Build.0 = Debug|Any CPU
		{C933B70C-09C1-4A73-AAF9-052B0112E0CC}.Release|Any CPU.ActiveCfg = Release|Any CPU
		{C933B70C-09C1-4A73-AAF9-052B0112E0CC}.Release|Any CPU.Build.0 = Release|Any CPU
		{FCB30D55-5226-4896-83FA-BD92E8FDE2DF}.Debug|Any CPU.ActiveCfg = Debug|Any CPU
		{FCB30D55-5226-4896-83FA-BD92E8FDE2DF}.Debug|Any CPU.Build.0 = Debug|Any CPU
		{FCB30D55-5226-4896-83FA-BD92E8FDE2DF}.Release|Any CPU.ActiveCfg = Release|Any CPU
		{FCB30D55-5226-4896-83FA-BD92E8FDE2DF}.Release|Any CPU.Build.0 = Release|Any CPU
		{CC49ECB7-7B81-4C22-9DBF-9C608EBBAF28}.Debug|Any CPU.ActiveCfg = Debug|Any CPU
		{CC49ECB7-7B81-4C22-9DBF-9C608EBBAF28}.Debug|Any CPU.Build.0 = Debug|Any CPU
		{CC49ECB7-7B81-4C22-9DBF-9C608EBBAF28}.Release|Any CPU.ActiveCfg = Release|Any CPU
		{CC49ECB7-7B81-4C22-9DBF-9C608EBBAF28}.Release|Any CPU.Build.0 = Release|Any CPU
		{EF5D8463-603C-47BD-81DD-0E47134F7FB1}.Debug|Any CPU.ActiveCfg = Debug|Any CPU
		{EF5D8463-603C-47BD-81DD-0E47134F7FB1}.Debug|Any CPU.Build.0 = Debug|Any CPU
		{EF5D8463-603C-47BD-81DD-0E47134F7FB1}.Release|Any CPU.ActiveCfg = Release|Any CPU
		{EF5D8463-603C-47BD-81DD-0E47134F7FB1}.Release|Any CPU.Build.0 = Release|Any CPU
	EndGlobalSection
	GlobalSection(SolutionProperties) = preSolution
		HideSolutionNode = FALSE
	EndGlobalSection
	GlobalSection(ExtensibilityGlobals) = postSolution
		SolutionGuid = {32ADB57A-5318-40BC-9FF1-0F1A1C5974D1}
	EndGlobalSection
EndGlobal
